
Microsoft Visual Studio Solution File, Format Version 12.00
# Visual Studio Version 16
VisualStudioVersion = 16.0.31129.286
MinimumVisualStudioVersion = 10.0.40219.1
Project("{9A19103F-16F7-4668-BE54-9A1E7A4F7556}") = "ChatBotApi", "ChatBot\ChatBotApi.csproj", "{C6545E4B-F469-4E7B-90A6-AA5CAC5B56FD}"
EndProject
Project("{9A19103F-16F7-4668-BE54-9A1E7A4F7556}") = "DAL", "DA\DAL.csproj", "{61B77DC0-4F96-4C7F-BF17-B38DD94A695F}"
EndProject
Project("{9A19103F-16F7-4668-BE54-9A1E7A4F7556}") = "BLL", "BL\BLL.csproj", "{5B7F9287-BA4E-4ACF-9460-78DCB40AB0A0}"
EndProject
Project("{9A19103F-16F7-4668-BE54-9A1E7A4F7556}") = "Common", "Common\Common.csproj", "{CFB22EE2-ECD0-4F5D-BD6B-82FFFB4A1968}"
EndProject
Project("{FAE04EC0-301F-11D3-BF4B-00C04F79EFBC}") = "Model", "Model\Model.csproj", "{A6EA7C35-0175-489E-8728-525A5BBAAB10}"
EndProject
Global
	GlobalSection(SolutionConfigurationPlatforms) = preSolution
		Debug|Any CPU = Debug|Any CPU
		Release|Any CPU = Release|Any CPU
	EndGlobalSection
	GlobalSection(ProjectConfigurationPlatforms) = postSolution
		{C6545E4B-F469-4E7B-90A6-AA5CAC5B56FD}.Debug|Any CPU.ActiveCfg = Debug|Any CPU
		{C6545E4B-F469-4E7B-90A6-AA5CAC5B56FD}.Debug|Any CPU.Build.0 = Debug|Any CPU
		{C6545E4B-F469-4E7B-90A6-AA5CAC5B56FD}.Release|Any CPU.ActiveCfg = Release|Any CPU
		{C6545E4B-F469-4E7B-90A6-AA5CAC5B56FD}.Release|Any CPU.Build.0 = Release|Any CPU
		{61B77DC0-4F96-4C7F-BF17-B38DD94A695F}.Debug|Any CPU.ActiveCfg = Debug|Any CPU
		{61B77DC0-4F96-4C7F-BF17-B38DD94A695F}.Debug|Any CPU.Build.0 = Debug|Any CPU
		{61B77DC0-4F96-4C7F-BF17-B38DD94A695F}.Release|Any CPU.ActiveCfg = Release|Any CPU
		{61B77DC0-4F96-4C7F-BF17-B38DD94A695F}.Release|Any CPU.Build.0 = Release|Any CPU
		{5B7F9287-BA4E-4ACF-9460-78DCB40AB0A0}.Debug|Any CPU.ActiveCfg = Debug|Any CPU
		{5B7F9287-BA4E-4ACF-9460-78DCB40AB0A0}.Debug|Any CPU.Build.0 = Debug|Any CPU
		{5B7F9287-BA4E-4ACF-9460-78DCB40AB0A0}.Release|Any CPU.ActiveCfg = Release|Any CPU
		{5B7F9287-BA4E-4ACF-9460-78DCB40AB0A0}.Release|Any CPU.Build.0 = Release|Any CPU
		{CFB22EE2-ECD0-4F5D-BD6B-82FFFB4A1968}.Debug|Any CPU.ActiveCfg = Debug|Any CPU
		{CFB22EE2-ECD0-4F5D-BD6B-82FFFB4A1968}.Debug|Any CPU.Build.0 = Debug|Any CPU
		{CFB22EE2-ECD0-4F5D-BD6B-82FFFB4A1968}.Release|Any CPU.ActiveCfg = Release|Any CPU
		{CFB22EE2-ECD0-4F5D-BD6B-82FFFB4A1968}.Release|Any CPU.Build.0 = Release|Any CPU
		{A6EA7C35-0175-489E-8728-525A5BBAAB10}.Debug|Any CPU.ActiveCfg = Debug|Any CPU
		{A6EA7C35-0175-489E-8728-525A5BBAAB10}.Debug|Any CPU.Build.0 = Debug|Any CPU
		{A6EA7C35-0175-489E-8728-525A5BBAAB10}.Release|Any CPU.ActiveCfg = Release|Any CPU
		{A6EA7C35-0175-489E-8728-525A5BBAAB10}.Release|Any CPU.Build.0 = Release|Any CPU
	EndGlobalSection
	GlobalSection(SolutionProperties) = preSolution
		HideSolutionNode = FALSE
	EndGlobalSection
	GlobalSection(ExtensibilityGlobals) = postSolution
		SolutionGuid = {52FBC131-8929-4DCE-A517-D999FEA6E676}
	EndGlobalSection
EndGlobal
